
Microsoft Visual Studio Solution File, Format Version 12.00
# Visual Studio Version 16
VisualStudioVersion = 16.0.31515.178
MinimumVisualStudioVersion = 10.0.40219.1
Project("{FAE04EC0-301F-11D3-BF4B-00C04F79EFBC}") = "Projekt_nr_2", "Projekt_nr_2.csproj", "{F9A89423-F674-45A9-8EC6-D85D60F6A17A}"
EndProject
Global
	GlobalSection(SolutionConfigurationPlatforms) = preSolution
		Debug|Any CPU = Debug|Any CPU
		Release|Any CPU = Release|Any CPU
	EndGlobalSection
	GlobalSection(ProjectConfigurationPlatforms) = postSolution
		{F9A89423-F674-45A9-8EC6-D85D60F6A17A}.Debug|Any CPU.ActiveCfg = Debug|Any CPU
		{F9A89423-F674-45A9-8EC6-D85D60F6A17A}.Debug|Any CPU.Build.0 = Debug|Any CPU
		{F9A89423-F674-45A9-8EC6-D85D60F6A17A}.Release|Any CPU.ActiveCfg = Release|Any CPU
		{F9A89423-F674-45A9-8EC6-D85D60F6A17A}.Release|Any CPU.Build.0 = Release|Any CPU
	EndGlobalSection
	GlobalSection(SolutionProperties) = preSolution
		HideSolutionNode = FALSE
	EndGlobalSection
	GlobalSection(ExtensibilityGlobals) = postSolution
		SolutionGuid = {23F2C9D9-8560-42E1-A88B-3D6F8215DD40}
	EndGlobalSection
EndGlobal
